
Microsoft Visual Studio Solution File, Format Version 12.00
# Visual Studio Version 18
VisualStudioVersion = 18.10.12120.281 insiders
MinimumVisualStudioVersion = 10.0.40219.1
Project("{2150E333-8FDC-42A3-9474-1A3956D46DE8}") = "src", "src", "{5733EFB4-DDB8-4DCF-A16D-D311614BF836}"
EndProject
Project("{FAE04EC0-301F-11D3-BF4B-00C04F79EFBC}") = "EdgePulse.Simulator", "src\EdgePulse.Simulator\EdgePulse.Simulator.csproj", "{0FFAED48-3AF4-4A92-B733-597994D63801}"
EndProject
Project("{FAE04EC0-301F-11D3-BF4B-00C04F79EFBC}") = "EdgePulse.Gateway", "src\EdgePulse.Gateway\EdgePulse.Gateway.csproj", "{59C85D7D-957F-49E8-B60C-B402945EDB94}"
EndProject
Global
	GlobalSection(SolutionConfigurationPlatforms) = preSolution
		Debug|Any CPU = Debug|Any CPU
		Release|Any CPU = Release|Any CPU
	EndGlobalSection
	GlobalSection(ProjectConfigurationPlatforms) = postSolution
		{0FFAED48-3AF4-4A92-B733-597994D63801}.Debug|Any CPU.ActiveCfg = Debug|Any CPU
		{0FFAED48-3AF4-4A92-B733-597994D63801}.Debug|Any CPU.Build.0 = Debug|Any CPU
		{0FFAED48-3AF4-4A92-B733-597994D63801}.Release|Any CPU.ActiveCfg = Release|Any CPU
		{0FFAED48-3AF4-4A92-B733-597994D63801}.Release|Any CPU.Build.0 = Release|Any CPU
		{59C85D7D-957F-49E8-B60C-B402945EDB94}.Debug|Any CPU.ActiveCfg = Debug|Any CPU
		{59C85D7D-957F-49E8-B60C-B402945EDB94}.Debug|Any CPU.Build.0 = Debug|Any CPU
		{59C85D7D-957F-49E8-B60C-B402945EDB94}.Release|Any CPU.ActiveCfg = Release|Any CPU
		{59C85D7D-957F-49E8-B60C-B402945EDB94}.Release|Any CPU.Build.0 = Release|Any CPU
	EndGlobalSection
	GlobalSection(SolutionProperties) = preSolution
		HideSolutionNode = FALSE
	EndGlobalSection
	GlobalSection(NestedProjects) = preSolution
		{0FFAED48-3AF4-4A92-B733-597994D63801} = {5733EFB4-DDB8-4DCF-A16D-D311614BF836}
		{59C85D7D-957F-49E8-B60C-B402945EDB94} = {5733EFB4-DDB8-4DCF-A16D-D311614BF836}
	EndGlobalSection
EndGlobal
